// !$*UTF8*$!
{
	archiveVersion = 1;
	classes = {
	};
	objectVersion = 51;
	objects = {

/* Begin PBXBuildFile section */
		392AF2D125BB314900DC0384 /* AddTrainingDataViewController.swift in Sources */ = {isa = PBXBuildFile; fileRef = 392AF2D025BB314900DC0384 /* AddTrainingDataViewController.swift */; };
		392AF2D425BBDC7000DC0384 /* TrainingData.swift in Sources */ = {isa = PBXBuildFile; fileRef = 392AF2D325BBDC6F00DC0384 /* TrainingData.swift */; };
		392AF2D625BBF19500DC0384 /* ShowTrainingMenuViewController.swift in Sources */ = {isa = PBXBuildFile; fileRef = 392AF2D525BBF19500DC0384 /* ShowTrainingMenuViewController.swift */; };
		392AF2D925BD9E5C00DC0384 /* GraphViewController.swift in Sources */ = {isa = PBXBuildFile; fileRef = 392AF2D825BD9E5C00DC0384 /* GraphViewController.swift */; };
		392AF37525BFCE9800DC0384 /* SelectGraphViewController.swift in Sources */ = {isa = PBXBuildFile; fileRef = 392AF37425BFCE9800DC0384 /* SelectGraphViewController.swift */; };
		3990ADC325BB1DDD007E1DAA /* AppDelegate.swift in Sources */ = {isa = PBXBuildFile; fileRef = 3990ADC225BB1DDD007E1DAA /* AppDelegate.swift */; };
		3990ADC525BB1DDD007E1DAA /* SceneDelegate.swift in Sources */ = {isa = PBXBuildFile; fileRef = 3990ADC425BB1DDD007E1DAA /* SceneDelegate.swift */; };
		3990ADC725BB1DDD007E1DAA /* HomeViewController.swift in Sources */ = {isa = PBXBuildFile; fileRef = 3990ADC625BB1DDD007E1DAA /* HomeViewController.swift */; };
		3990ADCA25BB1DDD007E1DAA /* Main.storyboard in Resources */ = {isa = PBXBuildFile; fileRef = 3990ADC825BB1DDD007E1DAA /* Main.storyboard */; };
		3990ADCC25BB1DE1007E1DAA /* Assets.xcassets in Resources */ = {isa = PBXBuildFile; fileRef = 3990ADCB25BB1DE1007E1DAA /* Assets.xcassets */; };
		3990ADCF25BB1DE1007E1DAA /* LaunchScreen.storyboard in Resources */ = {isa = PBXBuildFile; fileRef = 3990ADCD25BB1DE1007E1DAA /* LaunchScreen.storyboard */; };
		3990ADDA25BB1EB3007E1DAA /* SignupViewController.swift in Sources */ = {isa = PBXBuildFile; fileRef = 3990ADD925BB1EB3007E1DAA /* SignupViewController.swift */; };
		3990ADDC25BB1EBD007E1DAA /* LoginViewController.swift in Sources */ = {isa = PBXBuildFile; fileRef = 3990ADDB25BB1EBD007E1DAA /* LoginViewController.swift */; };
		3990ADDF25BB1EF3007E1DAA /* SignUp.storyboard in Resources */ = {isa = PBXBuildFile; fileRef = 3990ADDE25BB1EF3007E1DAA /* SignUp.storyboard */; };
		3990ADE125BB1EFC007E1DAA /* Login.storyboard in Resources */ = {isa = PBXBuildFile; fileRef = 3990ADE025BB1EFC007E1DAA /* Login.storyboard */; };
		3990ADE425BB24F7007E1DAA /* UserData.swift in Sources */ = {isa = PBXBuildFile; fileRef = 3990ADE325BB24F7007E1DAA /* UserData.swift */; };
		3990ADE625BB25E4007E1DAA /* GoogleService-Info.plist in Resources */ = {isa = PBXBuildFile; fileRef = 3990ADE525BB25E4007E1DAA /* GoogleService-Info.plist */; };
		3990ADE925BB2647007E1DAA /* TrainingMenuViewController.swift in Sources */ = {isa = PBXBuildFile; fileRef = 3990ADE825BB2647007E1DAA /* TrainingMenuViewController.swift */; };
		3990ADEC25BB2688007E1DAA /* UIColor.swift in Sources */ = {isa = PBXBuildFile; fileRef = 3990ADEB25BB2688007E1DAA /* UIColor.swift */; };
		E9FE821A3A4267A69EB6F094 /* Pods_SwingPracticeTraining.framework in Frameworks */ = {isa = PBXBuildFile; fileRef = 110DBAEC0CB2FE3502224170 /* Pods_SwingPracticeTraining.framework */; };
/* End PBXBuildFile section */

/* Begin PBXFileReference section */
		110DBAEC0CB2FE3502224170 /* Pods_SwingPracticeTraining.framework */ = {isa = PBXFileReference; explicitFileType = wrapper.framework; includeInIndex = 0; path = Pods_SwingPracticeTraining.framework; sourceTree = BUILT_PRODUCTS_DIR; };
		195CECF333DCBBC01221DE08 /* Pods-SwingPracticeTraining.debug.xcconfig */ = {isa = PBXFileReference; includeInIndex = 1; lastKnownFileType = text.xcconfig; name = "Pods-SwingPracticeTraining.debug.xcconfig"; path = "Target Support Files/Pods-SwingPracticeTraining/Pods-SwingPracticeTraining.debug.xcconfig"; sourceTree = "<group>"; };
		392AF2D025BB314900DC0384 /* AddTrainingDataViewController.swift */ = {isa = PBXFileReference; lastKnownFileType = sourcecode.swift; path = AddTrainingDataViewController.swift; sourceTree = "<group>"; };
		392AF2D325BBDC6F00DC0384 /* TrainingData.swift */ = {isa = PBXFileReference; lastKnownFileType = sourcecode.swift; path = TrainingData.swift; sourceTree = "<group>"; };
		392AF2D525BBF19500DC0384 /* ShowTrainingMenuViewController.swift */ = {isa = PBXFileReference; lastKnownFileType = sourcecode.swift; path = ShowTrainingMenuViewController.swift; sourceTree = "<group>"; };
		392AF2D825BD9E5C00DC0384 /* GraphViewController.swift */ = {isa = PBXFileReference; lastKnownFileType = sourcecode.swift; path = GraphViewController.swift; sourceTree = "<group>"; };
		392AF37425BFCE9800DC0384 /* SelectGraphViewController.swift */ = {isa = PBXFileReference; lastKnownFileType = sourcecode.swift; path = SelectGraphViewController.swift; sourceTree = "<group>"; };
		3990ADBF25BB1DDD007E1DAA /* SwingPracticeTraining.app */ = {isa = PBXFileReference; explicitFileType = wrapper.application; includeInIndex = 0; path = SwingPracticeTraining.app; sourceTree = BUILT_PRODUCTS_DIR; };
		3990ADC225BB1DDD007E1DAA /* AppDelegate.swift */ = {isa = PBXFileReference; lastKnownFileType = sourcecode.swift; path = AppDelegate.swift; sourceTree = "<group>"; };
		3990ADC425BB1DDD007E1DAA /* SceneDelegate.swift */ = {isa = PBXFileReference; lastKnownFileType = sourcecode.swift; path = SceneDelegate.swift; sourceTree = "<group>"; };
		3990ADC625BB1DDD007E1DAA /* HomeViewController.swift */ = {isa = PBXFileReference; lastKnownFileType = sourcecode.swift; path = HomeViewController.swift; sourceTree = "<group>"; };
		3990ADC925BB1DDD007E1DAA /* Base */ = {isa = PBXFileReference; lastKnownFileType = file.storyboard; name = Base; path = Base.lproj/Main.storyboard; sourceTree = "<group>"; };
		3990ADCB25BB1DE1007E1DAA /* Assets.xcassets */ = {isa = PBXFileReference; lastKnownFileType = folder.assetcatalog; path = Assets.xcassets; sourceTree = "<group>"; };
		3990ADCE25BB1DE1007E1DAA /* Base */ = {isa = PBXFileReference; lastKnownFileType = file.storyboard; name = Base; path = Base.lproj/LaunchScreen.storyboard; sourceTree = "<group>"; };
		3990ADD025BB1DE1007E1DAA /* Info.plist */ = {isa = PBXFileReference; lastKnownFileType = text.plist.xml; path = Info.plist; sourceTree = "<group>"; };
		3990ADD925BB1EB3007E1DAA /* SignupViewController.swift */ = {isa = PBXFileReference; lastKnownFileType = sourcecode.swift; path = SignupViewController.swift; sourceTree = "<group>"; };
		3990ADDB25BB1EBD007E1DAA /* LoginViewController.swift */ = {isa = PBXFileReference; lastKnownFileType = sourcecode.swift; path = LoginViewController.swift; sourceTree = "<group>"; };
		3990ADDE25BB1EF3007E1DAA /* SignUp.storyboard */ = {isa = PBXFileReference; lastKnownFileType = file.storyboard; path = SignUp.storyboard; sourceTree = "<group>"; };
		3990ADE025BB1EFC007E1DAA /* Login.storyboard */ = {isa = PBXFileReference; lastKnownFileType = file.storyboard; path = Login.storyboard; sourceTree = "<group>"; };
		3990ADE325BB24F7007E1DAA /* UserData.swift */ = {isa = PBXFileReference; lastKnownFileType = sourcecode.swift; path = UserData.swift; sourceTree = "<group>"; };
		3990ADE525BB25E4007E1DAA /* GoogleService-Info.plist */ = {isa = PBXFileReference; fileEncoding = 4; lastKnownFileType = text.plist.xml; path = "GoogleService-Info.plist"; sourceTree = "<group>"; };
		3990ADE825BB2647007E1DAA /* TrainingMenuViewController.swift */ = {isa = PBXFileReference; lastKnownFileType = sourcecode.swift; path = TrainingMenuViewController.swift; sourceTree = "<group>"; };
		3990ADEB25BB2688007E1DAA /* UIColor.swift */ = {isa = PBXFileReference; lastKnownFileType = sourcecode.swift; path = UIColor.swift; sourceTree = "<group>"; };
		E77948992B8AAD12C54AEC08 /* Pods-SwingPracticeTraining.release.xcconfig */ = {isa = PBXFileReference; includeInIndex = 1; lastKnownFileType = text.xcconfig; name = "Pods-SwingPracticeTraining.release.xcconfig"; path = "Target Support Files/Pods-SwingPracticeTraining/Pods-SwingPracticeTraining.release.xcconfig"; sourceTree = "<group>"; };
/* End PBXFileReference section */

/* Begin PBXFrameworksBuildPhase section */
		3990ADBC25BB1DDD007E1DAA /* Frameworks */ = {
			isa = PBXFrameworksBuildPhase;
			buildActionMask = 2147483647;
			files = (
				E9FE821A3A4267A69EB6F094 /* Pods_SwingPracticeTraining.framework in Frameworks */,
			);
			runOnlyForDeploymentPostprocessing = 0;
		};
/* End PBXFrameworksBuildPhase section */

/* Begin PBXGroup section */
		22ADC69D605F8BC4D61E8F27 /* Frameworks */ = {
			isa = PBXGroup;
			children = (
				110DBAEC0CB2FE3502224170 /* Pods_SwingPracticeTraining.framework */,
			);
			name = Frameworks;
			sourceTree = "<group>";
		};
		392AF2D725BD9E2800DC0384 /* ShowGraphViewControllers */ = {
			isa = PBXGroup;
			children = (
				392AF37425BFCE9800DC0384 /* SelectGraphViewController.swift */,
				392AF2D825BD9E5C00DC0384 /* GraphViewController.swift */,
			);
			path = ShowGraphViewControllers;
			sourceTree = "<group>";
		};
		3990ADB625BB1DDD007E1DAA = {
			isa = PBXGroup;
			children = (
				3990ADC125BB1DDD007E1DAA /* SwingPracticeTraining */,
				3990ADC025BB1DDD007E1DAA /* Products */,
				4AD54553599DFE827F4A8EE0 /* Pods */,
				22ADC69D605F8BC4D61E8F27 /* Frameworks */,
			);
			sourceTree = "<group>";
		};
		3990ADC025BB1DDD007E1DAA /* Products */ = {
			isa = PBXGroup;
			children = (
				3990ADBF25BB1DDD007E1DAA /* SwingPracticeTraining.app */,
			);
			name = Products;
			sourceTree = "<group>";
		};
		3990ADC125BB1DDD007E1DAA /* SwingPracticeTraining */ = {
			isa = PBXGroup;
			children = (
				3990ADC225BB1DDD007E1DAA /* AppDelegate.swift */,
				3990ADC425BB1DDD007E1DAA /* SceneDelegate.swift */,
				3990ADEA25BB267A007E1DAA /* Extensions */,
				3990ADE225BB24E5007E1DAA /* Models */,
				3990ADD725BB1DFE007E1DAA /* RankViewControllers */,
				3990ADE725BB260D007E1DAA /* TrainingMenuViewControllers */,
				392AF2D725BD9E2800DC0384 /* ShowGraphViewControllers */,
				3990ADD825BB1E94007E1DAA /* SignUp&Login */,
				3990ADDD25BB1EC7007E1DAA /* StoryBoards */,
				3990ADCB25BB1DE1007E1DAA /* Assets.xcassets */,
				3990ADCD25BB1DE1007E1DAA /* LaunchScreen.storyboard */,
				3990ADD025BB1DE1007E1DAA /* Info.plist */,
				3990ADE525BB25E4007E1DAA /* GoogleService-Info.plist */,
			);
			path = SwingPracticeTraining;
			sourceTree = "<group>";
		};
		3990ADD725BB1DFE007E1DAA /* RankViewControllers */ = {
			isa = PBXGroup;
			children = (
				3990ADC625BB1DDD007E1DAA /* HomeViewController.swift */,
			);
			path = RankViewControllers;
			sourceTree = "<group>";
		};
		3990ADD825BB1E94007E1DAA /* SignUp&Login */ = {
			isa = PBXGroup;
			children = (
				3990ADD925BB1EB3007E1DAA /* SignupViewController.swift */,
				3990ADDB25BB1EBD007E1DAA /* LoginViewController.swift */,
			);
			path = "SignUp&Login";
			sourceTree = "<group>";
		};
		3990ADDD25BB1EC7007E1DAA /* StoryBoards */ = {
			isa = PBXGroup;
			children = (
				3990ADC825BB1DDD007E1DAA /* Main.storyboard */,
				3990ADDE25BB1EF3007E1DAA /* SignUp.storyboard */,
				3990ADE025BB1EFC007E1DAA /* Login.storyboard */,
			);
			path = StoryBoards;
			sourceTree = "<group>";
		};
		3990ADE225BB24E5007E1DAA /* Models */ = {
			isa = PBXGroup;
			children = (
				3990ADE325BB24F7007E1DAA /* UserData.swift */,
				392AF2D325BBDC6F00DC0384 /* TrainingData.swift */,
			);
			path = Models;
			sourceTree = "<group>";
		};
		3990ADE725BB260D007E1DAA /* TrainingMenuViewControllers */ = {
			isa = PBXGroup;
			children = (
				3990ADE825BB2647007E1DAA /* TrainingMenuViewController.swift */,
				392AF2D025BB314900DC0384 /* AddTrainingDataViewController.swift */,
				392AF2D525BBF19500DC0384 /* ShowTrainingMenuViewController.swift */,
			);
			path = TrainingMenuViewControllers;
			sourceTree = "<group>";
		};
		3990ADEA25BB267A007E1DAA /* Extensions */ = {
			isa = PBXGroup;
			children = (
				3990ADEB25BB2688007E1DAA /* UIColor.swift */,
			);
			path = Extensions;
			sourceTree = "<group>";
		};
		4AD54553599DFE827F4A8EE0 /* Pods */ = {
			isa = PBXGroup;
			children = (
				195CECF333DCBBC01221DE08 /* Pods-SwingPracticeTraining.debug.xcconfig */,
				E77948992B8AAD12C54AEC08 /* Pods-SwingPracticeTraining.release.xcconfig */,
			);
			path = Pods;
			sourceTree = "<group>";
		};
/* End PBXGroup section */

/* Begin PBXNativeTarget section */
		3990ADBE25BB1DDD007E1DAA /* SwingPracticeTraining */ = {
			isa = PBXNativeTarget;
			buildConfigurationList = 3990ADD325BB1DE1007E1DAA /* Build configuration list for PBXNativeTarget "SwingPracticeTraining" */;
			buildPhases = (
				94524E0082BA029FD542B1A4 /* [CP] Check Pods Manifest.lock */,
				3990ADBB25BB1DDD007E1DAA /* Sources */,
				3990ADBC25BB1DDD007E1DAA /* Frameworks */,
				3990ADBD25BB1DDD007E1DAA /* Resources */,
				46D4428122D19B57F3756AC7 /* [CP] Embed Pods Frameworks */,
			);
			buildRules = (
			);
			dependencies = (
			);
			name = SwingPracticeTraining;
			productName = SwingPracticeTraining;
			productReference = 3990ADBF25BB1DDD007E1DAA /* SwingPracticeTraining.app */;
			productType = "com.apple.product-type.application";
		};
/* End PBXNativeTarget section */

/* Begin PBXProject section */
		3990ADB725BB1DDD007E1DAA /* Project object */ = {
			isa = PBXProject;
			attributes = {
				LastSwiftUpdateCheck = 1160;
				LastUpgradeCheck = 1160;
				ORGANIZATIONNAME = sherlockian;
				TargetAttributes = {
					3990ADBE25BB1DDD007E1DAA = {
						CreatedOnToolsVersion = 11.6;
					};
				};
			};
			buildConfigurationList = 3990ADBA25BB1DDD007E1DAA /* Build configuration list for PBXProject "SwingPracticeTraining" */;
			compatibilityVersion = "Xcode 9.3";
			developmentRegion = en;
			hasScannedForEncodings = 0;
			knownRegions = (
				en,
				Base,
			);
			mainGroup = 3990ADB625BB1DDD007E1DAA;
			productRefGroup = 3990ADC025BB1DDD007E1DAA /* Products */;
			projectDirPath = "";
			projectRoot = "";
			targets = (
				3990ADBE25BB1DDD007E1DAA /* SwingPracticeTraining */,
			);
		};
/* End PBXProject section */

/* Begin PBXResourcesBuildPhase section */
		3990ADBD25BB1DDD007E1DAA /* Resources */ = {
			isa = PBXResourcesBuildPhase;
			buildActionMask = 2147483647;
			files = (
				3990ADCF25BB1DE1007E1DAA /* LaunchScreen.storyboard in Resources */,
				3990ADCC25BB1DE1007E1DAA /* Assets.xcassets in Resources */,
				3990ADDF25BB1EF3007E1DAA /* SignUp.storyboard in Resources */,
				3990ADE125BB1EFC007E1DAA /* Login.storyboard in Resources */,
				3990ADE625BB25E4007E1DAA /* GoogleService-Info.plist in Resources */,
				3990ADCA25BB1DDD007E1DAA /* Main.storyboard in Resources */,
			);
			runOnlyForDeploymentPostprocessing = 0;
		};
/* End PBXResourcesBuildPhase section */

/* Begin PBXShellScriptBuildPhase section */
		46D4428122D19B57F3756AC7 /* [CP] Embed Pods Frameworks */ = {
			isa = PBXShellScriptBuildPhase;
			buildActionMask = 2147483647;
			files = (
			);
			inputFileListPaths = (
				"${PODS_ROOT}/Target Support Files/Pods-SwingPracticeTraining/Pods-SwingPracticeTraining-frameworks-${CONFIGURATION}-input-files.xcfilelist",
			);
			name = "[CP] Embed Pods Frameworks";
			outputFileListPaths = (
				"${PODS_ROOT}/Target Support Files/Pods-SwingPracticeTraining/Pods-SwingPracticeTraining-frameworks-${CONFIGURATION}-output-files.xcfilelist",
			);
			runOnlyForDeploymentPostprocessing = 0;
			shellPath = /bin/sh;
			shellScript = "\"${PODS_ROOT}/Target Support Files/Pods-SwingPracticeTraining/Pods-SwingPracticeTraining-frameworks.sh\"\n";
			showEnvVarsInLog = 0;
		};
		94524E0082BA029FD542B1A4 /* [CP] Check Pods Manifest.lock */ = {
			isa = PBXShellScriptBuildPhase;
			buildActionMask = 2147483647;
			files = (
			);
			inputFileListPaths = (
			);
			inputPaths = (
				"${PODS_PODFILE_DIR_PATH}/Podfile.lock",
				"${PODS_ROOT}/Manifest.lock",
			);
			name = "[CP] Check Pods Manifest.lock";
			outputFileListPaths = (
			);
			outputPaths = (
				"$(DERIVED_FILE_DIR)/Pods-SwingPracticeTraining-checkManifestLockResult.txt",
			);
			runOnlyForDeploymentPostprocessing = 0;
			shellPath = /bin/sh;
			shellScript = "diff \"${PODS_PODFILE_DIR_PATH}/Podfile.lock\" \"${PODS_ROOT}/Manifest.lock\" > /dev/null\nif [ $? != 0 ] ; then\n    # print error to STDERR\n    echo \"error: The sandbox is not in sync with the Podfile.lock. Run 'pod install' or update your CocoaPods installation.\" >&2\n    exit 1\nfi\n# This output is used by Xcode 'outputs' to avoid re-running this script phase.\necho \"SUCCESS\" > \"${SCRIPT_OUTPUT_FILE_0}\"\n";
			showEnvVarsInLog = 0;
		};
/* End PBXShellScriptBuildPhase section */

/* Begin PBXSourcesBuildPhase section */
		3990ADBB25BB1DDD007E1DAA /* Sources */ = {
			isa = PBXSourcesBuildPhase;
			buildActionMask = 2147483647;
			files = (
				3990ADE425BB24F7007E1DAA /* UserData.swift in Sources */,
				3990ADE925BB2647007E1DAA /* TrainingMenuViewController.swift in Sources */,
				392AF37525BFCE9800DC0384 /* SelectGraphViewController.swift in Sources */,
				3990ADC725BB1DDD007E1DAA /* HomeViewController.swift in Sources */,
				392AF2D125BB314900DC0384 /* AddTrainingDataViewController.swift in Sources */,
				392AF2D625BBF19500DC0384 /* ShowTrainingMenuViewController.swift in Sources */,
				3990ADC325BB1DDD007E1DAA /* AppDelegate.swift in Sources */,
				3990ADDA25BB1EB3007E1DAA /* SignupViewController.swift in Sources */,
				3990ADEC25BB2688007E1DAA /* UIColor.swift in Sources */,
				3990ADDC25BB1EBD007E1DAA /* LoginViewController.swift in Sources */,
				392AF2D925BD9E5C00DC0384 /* GraphViewController.swift in Sources */,
				3990ADC525BB1DDD007E1DAA /* SceneDelegate.swift in Sources */,
				392AF2D425BBDC7000DC0384 /* TrainingData.swift in Sources */,
			);
			runOnlyForDeploymentPostprocessing = 0;
		};
/* End PBXSourcesBuildPhase section */

/* Begin PBXVariantGroup section */
		3990ADC825BB1DDD007E1DAA /* Main.storyboard */ = {
			isa = PBXVariantGroup;
			children = (
				3990ADC925BB1DDD007E1DAA /* Base */,
			);
			name = Main.storyboard;
			sourceTree = "<group>";
		};
		3990ADCD25BB1DE1007E1DAA /* LaunchScreen.storyboard */ = {
			isa = PBXVariantGroup;
			children = (
				3990ADCE25BB1DE1007E1DAA /* Base */,
			);
			name = LaunchScreen.storyboard;
			sourceTree = "<group>";
		};
/* End PBXVariantGroup section */

/* Begin XCBuildConfiguration section */
		3990ADD125BB1DE1007E1DAA /* Debug */ = {
			isa = XCBuildConfiguration;
			buildSettings = {
				ALWAYS_SEARCH_USER_PATHS = NO;
				CLANG_ANALYZER_NONNULL = YES;
				CLANG_ANALYZER_NUMBER_OBJECT_CONVERSION = YES_AGGRESSIVE;
				CLANG_CXX_LANGUAGE_STANDARD = "gnu++14";
				CLANG_CXX_LIBRARY = "libc++";
				CLANG_ENABLE_MODULES = YES;
				CLANG_ENABLE_OBJC_ARC = YES;
				CLANG_ENABLE_OBJC_WEAK = YES;
				CLANG_WARN_BLOCK_CAPTURE_AUTORELEASING = YES;
				CLANG_WARN_BOOL_CONVERSION = YES;
				CLANG_WARN_COMMA = YES;
				CLANG_WARN_CONSTANT_CONVERSION = YES;
				CLANG_WARN_DEPRECATED_OBJC_IMPLEMENTATIONS = YES;
				CLANG_WARN_DIRECT_OBJC_ISA_USAGE = YES_ERROR;
				CLANG_WARN_DOCUMENTATION_COMMENTS = YES;
				CLANG_WARN_EMPTY_BODY = YES;
				CLANG_WARN_ENUM_CONVERSION = YES;
				CLANG_WARN_INFINITE_RECURSION = YES;
				CLANG_WARN_INT_CONVERSION = YES;
				CLANG_WARN_NON_LITERAL_NULL_CONVERSION = YES;
				CLANG_WARN_OBJC_IMPLICIT_RETAIN_SELF = YES;
				CLANG_WARN_OBJC_LITERAL_CONVERSION = YES;
				CLANG_WARN_OBJC_ROOT_CLASS = YES_ERROR;
				CLANG_WARN_RANGE_LOOP_ANALYSIS = YES;
				CLANG_WARN_STRICT_PROTOTYPES = YES;
				CLANG_WARN_SUSPICIOUS_MOVE = YES;
				CLANG_WARN_UNGUARDED_AVAILABILITY = YES_AGGRESSIVE;
				CLANG_WARN_UNREACHABLE_CODE = YES;
				CLANG_WARN__DUPLICATE_METHOD_MATCH = YES;
				COPY_PHASE_STRIP = NO;
				DEBUG_INFORMATION_FORMAT = dwarf;
				ENABLE_STRICT_OBJC_MSGSEND = YES;
				ENABLE_TESTABILITY = YES;
				GCC_C_LANGUAGE_STANDARD = gnu11;
				GCC_DYNAMIC_NO_PIC = NO;
				GCC_NO_COMMON_BLOCKS = YES;
				GCC_OPTIMIZATION_LEVEL = 0;
				GCC_PREPROCESSOR_DEFINITIONS = (
					"DEBUG=1",
					"$(inherited)",
				);
				GCC_WARN_64_TO_32_BIT_CONVERSION = YES;
				GCC_WARN_ABOUT_RETURN_TYPE = YES_ERROR;
				GCC_WARN_UNDECLARED_SELECTOR = YES;
				GCC_WARN_UNINITIALIZED_AUTOS = YES_AGGRESSIVE;
				GCC_WARN_UNUSED_FUNCTION = YES;
				GCC_WARN_UNUSED_VARIABLE = YES;
				IPHONEOS_DEPLOYMENT_TARGET = 13.6;
				MTL_ENABLE_DEBUG_INFO = INCLUDE_SOURCE;
				MTL_FAST_MATH = YES;
				ONLY_ACTIVE_ARCH = YES;
				SDKROOT = iphoneos;
				SWIFT_ACTIVE_COMPILATION_CONDITIONS = DEBUG;
				SWIFT_OPTIMIZATION_LEVEL = "-Onone";
			};
			name = Debug;
		};
		3990ADD225BB1DE1007E1DAA /* Release */ = {
			isa = XCBuildConfiguration;
			buildSettings = {
				ALWAYS_SEARCH_USER_PATHS = NO;
				CLANG_ANALYZER_NONNULL = YES;
				CLANG_ANALYZER_NUMBER_OBJECT_CONVERSION = YES_AGGRESSIVE;
				CLANG_CXX_LANGUAGE_STANDARD = "gnu++14";
				CLANG_CXX_LIBRARY = "libc++";
				CLANG_ENABLE_MODULES = YES;
				CLANG_ENABLE_OBJC_ARC = YES;
				CLANG_ENABLE_OBJC_WEAK = YES;
				CLANG_WARN_BLOCK_CAPTURE_AUTORELEASING = YES;
				CLANG_WARN_BOOL_CONVERSION = YES;
				CLANG_WARN_COMMA = YES;
				CLANG_WARN_CONSTANT_CONVERSION = YES;
				CLANG_WARN_DEPRECATED_OBJC_IMPLEMENTATIONS = YES;
				CLANG_WARN_DIRECT_OBJC_ISA_USAGE = YES_ERROR;
				CLANG_WARN_DOCUMENTATION_COMMENTS = YES;
				CLANG_WARN_EMPTY_BODY = YES;
				CLANG_WARN_ENUM_CONVERSION = YES;
				CLANG_WARN_INFINITE_RECURSION = YES;
				CLANG_WARN_INT_CONVERSION = YES;
				CLANG_WARN_NON_LITERAL_NULL_CONVERSION = YES;
				CLANG_WARN_OBJC_IMPLICIT_RETAIN_SELF = YES;
				CLANG_WARN_OBJC_LITERAL_CONVERSION = YES;
				CLANG_WARN_OBJC_ROOT_CLASS = YES_ERROR;
				CLANG_WARN_RANGE_LOOP_ANALYSIS = YES;
				CLANG_WARN_STRICT_PROTOTYPES = YES;
				CLANG_WARN_SUSPICIOUS_MOVE = YES;
				CLANG_WARN_UNGUARDED_AVAILABILITY = YES_AGGRESSIVE;
				CLANG_WARN_UNREACHABLE_CODE = YES;
				CLANG_WARN__DUPLICATE_METHOD_MATCH = YES;
				COPY_PHASE_STRIP = NO;
				DEBUG_INFORMATION_FORMAT = "dwarf-with-dsym";
				ENABLE_NS_ASSERTIONS = NO;
				ENABLE_STRICT_OBJC_MSGSEND = YES;
				GCC_C_LANGUAGE_STANDARD = gnu11;
				GCC_NO_COMMON_BLOCKS = YES;
				GCC_WARN_64_TO_32_BIT_CONVERSION = YES;
				GCC_WARN_ABOUT_RETURN_TYPE = YES_ERROR;
				GCC_WARN_UNDECLARED_SELECTOR = YES;
				GCC_WARN_UNINITIALIZED_AUTOS = YES_AGGRESSIVE;
				GCC_WARN_UNUSED_FUNCTION = YES;
				GCC_WARN_UNUSED_VARIABLE = YES;
				IPHONEOS_DEPLOYMENT_TARGET = 13.6;
				MTL_ENABLE_DEBUG_INFO = NO;
				MTL_FAST_MATH = YES;
				SDKROOT = iphoneos;
				SWIFT_COMPILATION_MODE = wholemodule;
				SWIFT_OPTIMIZATION_LEVEL = "-O";
				VALIDATE_PRODUCT = YES;
			};
			name = Release;
		};
		3990ADD425BB1DE1007E1DAA /* Debug */ = {
			isa = XCBuildConfiguration;
			baseConfigurationReference = 195CECF333DCBBC01221DE08 /* Pods-SwingPracticeTraining.debug.xcconfig */;
			buildSettings = {
				ASSETCATALOG_COMPILER_APPICON_NAME = AppIcon;
				CODE_SIGN_STYLE = Automatic;
				INFOPLIST_FILE = SwingPracticeTraining/Info.plist;
				LD_RUNPATH_SEARCH_PATHS = (
					"$(inherited)",
					"@executable_path/Frameworks",
				);
				PRODUCT_BUNDLE_IDENTIFIER = firebase.1022.SwingPracticeTraining;
				PRODUCT_NAME = "$(TARGET_NAME)";
				SWIFT_VERSION = 5.0;
				TARGETED_DEVICE_FAMILY = "1,2";
			};
			name = Debug;
		};
		3990ADD525BB1DE1007E1DAA /* Release */ = {
			isa = XCBuildConfiguration;
			baseConfigurationReference = E77948992B8AAD12C54AEC08 /* Pods-SwingPracticeTraining.release.xcconfig */;
			buildSettings = {
				ASSETCATALOG_COMPILER_APPICON_NAME = AppIcon;
				CODE_SIGN_STYLE = Automatic;
				INFOPLIST_FILE = SwingPracticeTraining/Info.plist;
				LD_RUNPATH_SEARCH_PATHS = (
					"$(inherited)",
					"@executable_path/Frameworks",
				);
				PRODUCT_BUNDLE_IDENTIFIER = firebase.1022.SwingPracticeTraining;
				PRODUCT_NAME = "$(TARGET_NAME)";
				SWIFT_VERSION = 5.0;
				TARGETED_DEVICE_FAMILY = "1,2";
			};
			name = Release;
		};
/* End XCBuildConfiguration section */

/* Begin XCConfigurationList section */
		3990ADBA25BB1DDD007E1DAA /* Build configuration list for PBXProject "SwingPracticeTraining" */ = {
			isa = XCConfigurationList;
			buildConfigurations = (
				3990ADD125BB1DE1007E1DAA /* Debug */,
				3990ADD225BB1DE1007E1DAA /* Release */,
			);
			defaultConfigurationIsVisible = 0;
			defaultConfigurationName = Release;
		};
		3990ADD325BB1DE1007E1DAA /* Build configuration list for PBXNativeTarget "SwingPracticeTraining" */ = {
			isa = XCConfigurationList;
			buildConfigurations = (
				3990ADD425BB1DE1007E1DAA /* Debug */,
				3990ADD525BB1DE1007E1DAA /* Release */,
			);
			defaultConfigurationIsVisible = 0;
			defaultConfigurationName = Release;
		};
/* End XCConfigurationList section */
	};
	rootObject = 3990ADB725BB1DDD007E1DAA /* Project object */;
}
